
Microsoft Visual Studio Solution File, Format Version 12.00
# Visual Studio 2013
VisualStudioVersion = 12.0.21005.1
MinimumVisualStudioVersion = 10.0.40219.1
Project("{FAE04EC0-301F-11D3-BF4B-00C04F79EFBC}") = "QuanLyBachHoa", "QuanLyBachHoa\QuanLyBachHoa.csproj", "{1B17BE25-199E-48E4-921F-00CBBEB98416}"
EndProject
Project("{FAE04EC0-301F-11D3-BF4B-00C04F79EFBC}") = "UserLogin", "UserLogin\UserLogin.csproj", "{2257A0DD-A2F9-42B3-AF64-0D2512DB24FB}"
EndProject
Project("{FAE04EC0-301F-11D3-BF4B-00C04F79EFBC}") = "DataAccessLayer", "DataAccessLayer\DataAccessLayer.csproj", "{969B9564-CD14-4298-BEF2-B439F5816E78}"
EndProject
Project("{FAE04EC0-301F-11D3-BF4B-00C04F79EFBC}") = "BusinessLogicLayer", "BusinessLogicLayer\BusinessLogicLayer.csproj", "{ED69BCD9-7DD9-4C48-A381-610CBB8B0E20}"
EndProject
Global
	GlobalSection(SolutionConfigurationPlatforms) = preSolution
		Debug|Any CPU = Debug|Any CPU
		Release|Any CPU = Release|Any CPU
	EndGlobalSection
	GlobalSection(ProjectConfigurationPlatforms) = postSolution
		{1B17BE25-199E-48E4-921F-00CBBEB98416}.Debug|Any CPU.ActiveCfg = Debug|Any CPU
		{1B17BE25-199E-48E4-921F-00CBBEB98416}.Debug|Any CPU.Build.0 = Debug|Any CPU
		{1B17BE25-199E-48E4-921F-00CBBEB98416}.Release|Any CPU.ActiveCfg = Release|Any CPU
		{1B17BE25-199E-48E4-921F-00CBBEB98416}.Release|Any CPU.Build.0 = Release|Any CPU
		{2257A0DD-A2F9-42B3-AF64-0D2512DB24FB}.Debug|Any CPU.ActiveCfg = Debug|Any CPU
		{2257A0DD-A2F9-42B3-AF64-0D2512DB24FB}.Debug|Any CPU.Build.0 = Debug|Any CPU
		{2257A0DD-A2F9-42B3-AF64-0D2512DB24FB}.Release|Any CPU.ActiveCfg = Release|Any CPU
		{2257A0DD-A2F9-42B3-AF64-0D2512DB24FB}.Release|Any CPU.Build.0 = Release|Any CPU
		{969B9564-CD14-4298-BEF2-B439F5816E78}.Debug|Any CPU.ActiveCfg = Debug|Any CPU
		{969B9564-CD14-4298-BEF2-B439F5816E78}.Debug|Any CPU.Build.0 = Debug|Any CPU
		{969B9564-CD14-4298-BEF2-B439F5816E78}.Release|Any CPU.ActiveCfg = Release|Any CPU
		{969B9564-CD14-4298-BEF2-B439F5816E78}.Release|Any CPU.Build.0 = Release|Any CPU
		{ED69BCD9-7DD9-4C48-A381-610CBB8B0E20}.Debug|Any CPU.ActiveCfg = Debug|Any CPU
		{ED69BCD9-7DD9-4C48-A381-610CBB8B0E20}.Debug|Any CPU.Build.0 = Debug|Any CPU
		{ED69BCD9-7DD9-4C48-A381-610CBB8B0E20}.Release|Any CPU.ActiveCfg = Release|Any CPU
		{ED69BCD9-7DD9-4C48-A381-610CBB8B0E20}.Release|Any CPU.Build.0 = Release|Any CPU
	EndGlobalSection
	GlobalSection(SolutionProperties) = preSolution
		HideSolutionNode = FALSE
	EndGlobalSection
EndGlobal
